
Microsoft Visual Studio Solution File, Format Version 12.00
# Visual Studio Version 17
VisualStudioVersion = 17.8.34330.188
MinimumVisualStudioVersion = 10.0.40219.1
Project("{FAE04EC0-301F-11D3-BF4B-00C04F79EFBC}") = "FlightSearchApp", "FlightSearchApp\FlightSearchApp.csproj", "{436CB77E-E8D5-4E37-8F30-5C945B4885EB}"
EndProject
Global
	GlobalSection(SolutionConfigurationPlatforms) = preSolution
		Debug|Any CPU = Debug|Any CPU
		Release|Any CPU = Release|Any CPU
	EndGlobalSection
	GlobalSection(ProjectConfigurationPlatforms) = postSolution
		{436CB77E-E8D5-4E37-8F30-5C945B4885EB}.Debug|Any CPU.ActiveCfg = Debug|Any CPU
		{436CB77E-E8D5-4E37-8F30-5C945B4885EB}.Debug|Any CPU.Build.0 = Debug|Any CPU
		{436CB77E-E8D5-4E37-8F30-5C945B4885EB}.Release|Any CPU.ActiveCfg = Release|Any CPU
		{436CB77E-E8D5-4E37-8F30-5C945B4885EB}.Release|Any CPU.Build.0 = Release|Any CPU
	EndGlobalSection
	GlobalSection(SolutionProperties) = preSolution
		HideSolutionNode = FALSE
	EndGlobalSection
	GlobalSection(ExtensibilityGlobals) = postSolution
		SolutionGuid = {56D27E96-3DE2-40CC-B889-0C3F041D8269}
	EndGlobalSection
EndGlobal
